// !$*UTF8*$!
{
	archiveVersion = 1;
	classes = {
	};
	objectVersion = 46;
	objects = {

/* Begin PBXBuildFile section */
		18DA23DB1E2373CB00AC73B6 /* main.m in Sources */ = {isa = PBXBuildFile; fileRef = 18DA23DA1E2373CB00AC73B6 /* main.m */; };
		18DA23DE1E2373CB00AC73B6 /* AppDelegate.m in Sources */ = {isa = PBXBuildFile; fileRef = 18DA23DD1E2373CB00AC73B6 /* AppDelegate.m */; };
		18DA23E11E2373CB00AC73B6 /* ViewController.m in Sources */ = {isa = PBXBuildFile; fileRef = 18DA23E01E2373CB00AC73B6 /* ViewController.m */; };
		18DA23E41E2373CB00AC73B6 /* Main.storyboard in Resources */ = {isa = PBXBuildFile; fileRef = 18DA23E21E2373CB00AC73B6 /* Main.storyboard */; };
		18DA23E61E2373CB00AC73B6 /* Assets.xcassets in Resources */ = {isa = PBXBuildFile; fileRef = 18DA23E51E2373CB00AC73B6 /* Assets.xcassets */; };
		18DA23E91E2373CB00AC73B6 /* LaunchScreen.storyboard in Resources */ = {isa = PBXBuildFile; fileRef = 18DA23E71E2373CB00AC73B6 /* LaunchScreen.storyboard */; };
/* End PBXBuildFile section */

/* Begin PBXFileReference section */
		18DA23D61E2373CB00AC73B6 /* ZJYCeShiConfirmOrderServiceProtocol.app */ = {isa = PBXFileReference; explicitFileType = wrapper.application; includeInIndex = 0; path = ZJYCeShiConfirmOrderServiceProtocol.app; sourceTree = BUILT_PRODUCTS_DIR; };
		18DA23DA1E2373CB00AC73B6 /* main.m */ = {isa = PBXFileReference; lastKnownFileType = sourcecode.c.objc; path = main.m; sourceTree = "<group>"; };
		18DA23DC1E2373CB00AC73B6 /* AppDelegate.h */ = {isa = PBXFileReference; lastKnownFileType = sourcecode.c.h; path = AppDelegate.h; sourceTree = "<group>"; };
		18DA23DD1E2373CB00AC73B6 /* AppDelegate.m */ = {isa = PBXFileReference; lastKnownFileType = sourcecode.c.objc; path = AppDelegate.m; sourceTree = "<group>"; };
		18DA23DF1E2373CB00AC73B6 /* ViewController.h */ = {isa = PBXFileReference; lastKnownFileType = sourcecode.c.h; path = ViewController.h; sourceTree = "<group>"; };
		18DA23E01E2373CB00AC73B6 /* ViewController.m */ = {isa = PBXFileReference; lastKnownFileType = sourcecode.c.objc; path = ViewController.m; sourceTree = "<group>"; };
		18DA23E31E2373CB00AC73B6 /* Base */ = {isa = PBXFileReference; lastKnownFileType = file.storyboard; name = Base; path = Base.lproj/Main.storyboard; sourceTree = "<group>"; };
		18DA23E51E2373CB00AC73B6 /* Assets.xcassets */ = {isa = PBXFileReference; lastKnownFileType = folder.assetcatalog; path = Assets.xcassets; sourceTree = "<group>"; };
		18DA23E81E2373CB00AC73B6 /* Base */ = {isa = PBXFileReference; lastKnownFileType = file.storyboard; name = Base; path = Base.lproj/LaunchScreen.storyboard; sourceTree = "<group>"; };
		18DA23EA1E2373CB00AC73B6 /* Info.plist */ = {isa = PBXFileReference; lastKnownFileType = text.plist.xml; path = Info.plist; sourceTree = "<group>"; };
		18DA23F11E2373FE00AC73B6 /* ZJYCeShiConfirmOrderServiceProtocol.h */ = {isa = PBXFileReference; fileEncoding = 4; lastKnownFileType = sourcecode.c.h; path = ZJYCeShiConfirmOrderServiceProtocol.h; sourceTree = "<group>"; };
/* End PBXFileReference section */

/* Begin PBXFrameworksBuildPhase section */
		18DA23D31E2373CB00AC73B6 /* Frameworks */ = {
			isa = PBXFrameworksBuildPhase;
			buildActionMask = 2147483647;
			files = (
			);
			runOnlyForDeploymentPostprocessing = 0;
		};
/* End PBXFrameworksBuildPhase section */

/* Begin PBXGroup section */
		18DA23CD1E2373CB00AC73B6 = {
			isa = PBXGroup;
			children = (
				18DA23D81E2373CB00AC73B6 /* ZJYCeShiConfirmOrderServiceProtocol */,
				18DA23D71E2373CB00AC73B6 /* Products */,
			);
			sourceTree = "<group>";
		};
		18DA23D71E2373CB00AC73B6 /* Products */ = {
			isa = PBXGroup;
			children = (
				18DA23D61E2373CB00AC73B6 /* ZJYCeShiConfirmOrderServiceProtocol.app */,
			);
			name = Products;
			sourceTree = "<group>";
		};
		18DA23D81E2373CB00AC73B6 /* ZJYCeShiConfirmOrderServiceProtocol */ = {
			isa = PBXGroup;
			children = (
				18DA23F01E2373E700AC73B6 /* ZJYCeShiConfirmOrderServiceProtocol */,
				18DA23DC1E2373CB00AC73B6 /* AppDelegate.h */,
				18DA23DD1E2373CB00AC73B6 /* AppDelegate.m */,
				18DA23DF1E2373CB00AC73B6 /* ViewController.h */,
				18DA23E01E2373CB00AC73B6 /* ViewController.m */,
				18DA23E21E2373CB00AC73B6 /* Main.storyboard */,
				18DA23E51E2373CB00AC73B6 /* Assets.xcassets */,
				18DA23E71E2373CB00AC73B6 /* LaunchScreen.storyboard */,
				18DA23EA1E2373CB00AC73B6 /* Info.plist */,
				18DA23D91E2373CB00AC73B6 /* Supporting Files */,
			);
			path = ZJYCeShiConfirmOrderServiceProtocol;
			sourceTree = "<group>";
		};
		18DA23D91E2373CB00AC73B6 /* Supporting Files */ = {
			isa = PBXGroup;
			children = (
				18DA23DA1E2373CB00AC73B6 /* main.m */,
			);
			name = "Supporting Files";
			sourceTree = "<group>";
		};
		18DA23F01E2373E700AC73B6 /* ZJYCeShiConfirmOrderServiceProtocol */ = {
			isa = PBXGroup;
			children = (
				18DA23F11E2373FE00AC73B6 /* ZJYCeShiConfirmOrderServiceProtocol.h */,
			);
			path = ZJYCeShiConfirmOrderServiceProtocol;
			sourceTree = "<group>";
		};
/* End PBXGroup section */

/* Begin PBXNativeTarget section */
		18DA23D51E2373CB00AC73B6 /* ZJYCeShiConfirmOrderServiceProtocol */ = {
			isa = PBXNativeTarget;
			buildConfigurationList = 18DA23ED1E2373CB00AC73B6 /* Build configuration list for PBXNativeTarget "ZJYCeShiConfirmOrderServiceProtocol" */;
			buildPhases = (
				18DA23D21E2373CB00AC73B6 /* Sources */,
				18DA23D31E2373CB00AC73B6 /* Frameworks */,
				18DA23D41E2373CB00AC73B6 /* Resources */,
			);
			buildRules = (
			);
			dependencies = (
			);
			name = ZJYCeShiConfirmOrderServiceProtocol;
			productName = ZJYCeShiConfirmOrderServiceProtocol;
			productReference = 18DA23D61E2373CB00AC73B6 /* ZJYCeShiConfirmOrderServiceProtocol.app */;
			productType = "com.apple.product-type.application";
		};
/* End PBXNativeTarget section */

/* Begin PBXProject section */
		18DA23CE1E2373CB00AC73B6 /* Project object */ = {
			isa = PBXProject;
			attributes = {
				LastUpgradeCheck = 0820;
				ORGANIZATIONNAME = JunFly;
				TargetAttributes = {
					18DA23D51E2373CB00AC73B6 = {
						CreatedOnToolsVersion = 8.2;
						ProvisioningStyle = Automatic;
					};
				};
			};
			buildConfigurationList = 18DA23D11E2373CB00AC73B6 /* Build configuration list for PBXProject "ZJYCeShiConfirmOrderServiceProtocol" */;
			compatibilityVersion = "Xcode 3.2";
			developmentRegion = English;
			hasScannedForEncodings = 0;
			knownRegions = (
				en,
				Base,
			);
			mainGroup = 18DA23CD1E2373CB00AC73B6;
			productRefGroup = 18DA23D71E2373CB00AC73B6 /* Products */;
			projectDirPath = "";
			projectRoot = "";
			targets = (
				18DA23D51E2373CB00AC73B6 /* ZJYCeShiConfirmOrderServiceProtocol */,
			);
		};
/* End PBXProject section */

/* Begin PBXResourcesBuildPhase section */
		18DA23D41E2373CB00AC73B6 /* Resources */ = {
			isa = PBXResourcesBuildPhase;
			buildActionMask = 2147483647;
			files = (
				18DA23E91E2373CB00AC73B6 /* LaunchScreen.storyboard in Resources */,
				18DA23E61E2373CB00AC73B6 /* Assets.xcassets in Resources */,
				18DA23E41E2373CB00AC73B6 /* Main.storyboard in Resources */,
			);
			runOnlyForDeploymentPostprocessing = 0;
		};
/* End PBXResourcesBuildPhase section */

/* Begin PBXSourcesBuildPhase section */
		18DA23D21E2373CB00AC73B6 /* Sources */ = {
			isa = PBXSourcesBuildPhase;
			buildActionMask = 2147483647;
			files = (
				18DA23E11E2373CB00AC73B6 /* ViewController.m in Sources */,
				18DA23DE1E2373CB00AC73B6 /* AppDelegate.m in Sources */,
				18DA23DB1E2373CB00AC73B6 /* main.m in Sources */,
			);
			runOnlyForDeploymentPostprocessing = 0;
		};
/* End PBXSourcesBuildPhase section */

/* Begin PBXVariantGroup section */
		18DA23E21E2373CB00AC73B6 /* Main.storyboard */ = {
			isa = PBXVariantGroup;
			children = (
				18DA23E31E2373CB00AC73B6 /* Base */,
			);
			name = Main.storyboard;
			sourceTree = "<group>";
		};
		18DA23E71E2373CB00AC73B6 /* LaunchScreen.storyboard */ = {
			isa = PBXVariantGroup;
			children = (
				18DA23E81E2373CB00AC73B6 /* Base */,
			);
			name = LaunchScreen.storyboard;
			sourceTree = "<group>";
		};
/* End PBXVariantGroup section */

/* Begin XCBuildConfiguration section */
		18DA23EB1E2373CB00AC73B6 /* Debug */ = {
			isa = XCBuildConfiguration;
			buildSettings = {
				ALWAYS_SEARCH_USER_PATHS = NO;
				CLANG_ANALYZER_NONNULL = YES;
				CLANG_CXX_LANGUAGE_STANDARD = "gnu++0x";
				CLANG_CXX_LIBRARY = "libc++";
				CLANG_ENABLE_MODULES = YES;
				CLANG_ENABLE_OBJC_ARC = YES;
				CLANG_WARN_BOOL_CONVERSION = YES;
				CLANG_WARN_CONSTANT_CONVERSION = YES;
				CLANG_WARN_DIRECT_OBJC_ISA_USAGE = YES_ERROR;
				CLANG_WARN_DOCUMENTATION_COMMENTS = YES;
				CLANG_WARN_EMPTY_BODY = YES;
				CLANG_WARN_ENUM_CONVERSION = YES;
				CLANG_WARN_INFINITE_RECURSION = YES;
				CLANG_WARN_INT_CONVERSION = YES;
				CLANG_WARN_OBJC_ROOT_CLASS = YES_ERROR;
				CLANG_WARN_SUSPICIOUS_MOVE = YES;
				CLANG_WARN_UNREACHABLE_CODE = YES;
				CLANG_WARN__DUPLICATE_METHOD_MATCH = YES;
				"CODE_SIGN_IDENTITY[sdk=iphoneos*]" = "iPhone Developer";
				COPY_PHASE_STRIP = NO;
				DEBUG_INFORMATION_FORMAT = dwarf;
				ENABLE_STRICT_OBJC_MSGSEND = YES;
				ENABLE_TESTABILITY = YES;
				GCC_C_LANGUAGE_STANDARD = gnu99;
				GCC_DYNAMIC_NO_PIC = NO;
				GCC_NO_COMMON_BLOCKS = YES;
				GCC_OPTIMIZATION_LEVEL = 0;
				GCC_PREPROCESSOR_DEFINITIONS = (
					"DEBUG=1",
					"$(inherited)",
				);
				GCC_WARN_64_TO_32_BIT_CONVERSION = YES;
				GCC_WARN_ABOUT_RETURN_TYPE = YES_ERROR;
				GCC_WARN_UNDECLARED_SELECTOR = YES;
				GCC_WARN_UNINITIALIZED_AUTOS = YES_AGGRESSIVE;
				GCC_WARN_UNUSED_FUNCTION = YES;
				GCC_WARN_UNUSED_VARIABLE = YES;
				IPHONEOS_DEPLOYMENT_TARGET = 10.2;
				MTL_ENABLE_DEBUG_INFO = YES;
				ONLY_ACTIVE_ARCH = YES;
				SDKROOT = iphoneos;
			};
			name = Debug;
		};
		18DA23EC1E2373CB00AC73B6 /* Release */ = {
			isa = XCBuildConfiguration;
			buildSettings = {
				ALWAYS_SEARCH_USER_PATHS = NO;
				CLANG_ANALYZER_NONNULL = YES;
				CLANG_CXX_LANGUAGE_STANDARD = "gnu++0x";
				CLANG_CXX_LIBRARY = "libc++";
				CLANG_ENABLE_MODULES = YES;
				CLANG_ENABLE_OBJC_ARC = YES;
				CLANG_WARN_BOOL_CONVERSION = YES;
				CLANG_WARN_CONSTANT_CONVERSION = YES;
				CLANG_WARN_DIRECT_OBJC_ISA_USAGE = YES_ERROR;
				CLANG_WARN_DOCUMENTATION_COMMENTS = YES;
				CLANG_WARN_EMPTY_BODY = YES;
				CLANG_WARN_ENUM_CONVERSION = YES;
				CLANG_WARN_INFINITE_RECURSION = YES;
				CLANG_WARN_INT_CONVERSION = YES;
				CLANG_WARN_OBJC_ROOT_CLASS = YES_ERROR;
				CLANG_WARN_SUSPICIOUS_MOVE = YES;
				CLANG_WARN_UNREACHABLE_CODE = YES;
				CLANG_WARN__DUPLICATE_METHOD_MATCH = YES;
				"CODE_SIGN_IDENTITY[sdk=iphoneos*]" = "iPhone Developer";
				COPY_PHASE_STRIP = NO;
				DEBUG_INFORMATION_FORMAT = "dwarf-with-dsym";
				ENABLE_NS_ASSERTIONS = NO;
				ENABLE_STRICT_OBJC_MSGSEND = YES;
				GCC_C_LANGUAGE_STANDARD = gnu99;
				GCC_NO_COMMON_BLOCKS = YES;
				GCC_WARN_64_TO_32_BIT_CONVERSION = YES;
				GCC_WARN_ABOUT_RETURN_TYPE = YES_ERROR;
				GCC_WARN_UNDECLARED_SELECTOR = YES;
				GCC_WARN_UNINITIALIZED_AUTOS = YES_AGGRESSIVE;
				GCC_WARN_UNUSED_FUNCTION = YES;
				GCC_WARN_UNUSED_VARIABLE = YES;
				IPHONEOS_DEPLOYMENT_TARGET = 10.2;
				MTL_ENABLE_DEBUG_INFO = NO;
				SDKROOT = iphoneos;
				VALIDATE_PRODUCT = YES;
			};
			name = Release;
		};
		18DA23EE1E2373CB00AC73B6 /* Debug */ = {
			isa = XCBuildConfiguration;
			buildSettings = {
				ASSETCATALOG_COMPILER_APPICON_NAME = AppIcon;
				INFOPLIST_FILE = ZJYCeShiConfirmOrderServiceProtocol/Info.plist;
				LD_RUNPATH_SEARCH_PATHS = "$(inherited) @executable_path/Frameworks";
				PRODUCT_BUNDLE_IDENTIFIER = com.ZhuJiaYi.ZJYCeShiConfirmOrderServiceProtocol;
				PRODUCT_NAME = "$(TARGET_NAME)";
			};
			name = Debug;
		};
		18DA23EF1E2373CB00AC73B6 /* Release */ = {
			isa = XCBuildConfiguration;
			buildSettings = {
				ASSETCATALOG_COMPILER_APPICON_NAME = AppIcon;
				INFOPLIST_FILE = ZJYCeShiConfirmOrderServiceProtocol/Info.plist;
				LD_RUNPATH_SEARCH_PATHS = "$(inherited) @executable_path/Frameworks";
				PRODUCT_BUNDLE_IDENTIFIER = com.ZhuJiaYi.ZJYCeShiConfirmOrderServiceProtocol;
				PRODUCT_NAME = "$(TARGET_NAME)";
			};
			name = Release;
		};
/* End XCBuildConfiguration section */

/* Begin XCConfigurationList section */
		18DA23D11E2373CB00AC73B6 /* Build configuration list for PBXProject "ZJYCeShiConfirmOrderServiceProtocol" */ = {
			isa = XCConfigurationList;
			buildConfigurations = (
				18DA23EB1E2373CB00AC73B6 /* Debug */,
				18DA23EC1E2373CB00AC73B6 /* Release */,
			);
			defaultConfigurationIsVisible = 0;
			defaultConfigurationName = Release;
		};
		18DA23ED1E2373CB00AC73B6 /* Build configuration list for PBXNativeTarget "ZJYCeShiConfirmOrderServiceProtocol" */ = {
			isa = XCConfigurationList;
			buildConfigurations = (
				18DA23EE1E2373CB00AC73B6 /* Debug */,
				18DA23EF1E2373CB00AC73B6 /* Release */,
			);
			defaultConfigurationIsVisible = 0;
		};
/* End XCConfigurationList section */
	};
	rootObject = 18DA23CE1E2373CB00AC73B6 /* Project object */;
}
